{
    "version": 3,
    "terraform_version": "0.11.7",
    "serial": 7,
    "lineage": "dd0d04cb-f4eb-007c-752c-5e81204fa6d5",
    "modules": [
        {
            "path": [
                "root"
            ],
            "outputs": {},
            "resources": {
                "aws_instance.jenkins": {
                    "type": "aws_instance",
                    "depends_on": [
                        "aws_key_pair.root",
                        "aws_security_group.provisioning_example-lb"
                    ],
                    "primary": {
                        "id": "i-09c2e52552638904e",
                        "attributes": {
                            "ami": "ami-0a18eadcf631bd11f",
                            "arn": "arn:aws:ec2:us-east-1:389059433654:instance/i-09c2e52552638904e",
                            "associate_public_ip_address": "true",
                            "availability_zone": "us-east-1d",
                            "cpu_core_count": "1",
                            "cpu_threads_per_core": "1",
                            "credit_specification.#": "1",
                            "credit_specification.0.cpu_credits": "standard",
                            "disable_api_termination": "false",
                            "ebs_block_device.#": "0",
                            "ebs_optimized": "false",
                            "ephemeral_block_device.#": "0",
                            "get_password_data": "false",
                            "iam_instance_profile": "",
                            "id": "i-09c2e52552638904e",
                            "instance_state": "running",
                            "instance_type": "t2.small",
                            "ipv6_addresses.#": "0",
                            "key_name": "root-key",
                            "monitoring": "false",
                            "network_interface.#": "0",
                            "network_interface_id": "eni-059005ae018b70853",
                            "password_data": "",
                            "placement_group": "",
                            "primary_network_interface_id": "eni-059005ae018b70853",
                            "private_dns": "ip-172-31-56-29.ec2.internal",
                            "private_ip": "172.31.56.29",
                            "public_dns": "ec2-52-70-114-187.compute-1.amazonaws.com",
                            "public_ip": "52.70.114.187",
                            "root_block_device.#": "1",
                            "root_block_device.0.delete_on_termination": "true",
                            "root_block_device.0.iops": "100",
                            "root_block_device.0.volume_id": "vol-0c9d83b69ad7abea3",
                            "root_block_device.0.volume_size": "8",
                            "root_block_device.0.volume_type": "gp2",
                            "security_groups.#": "1",
                            "security_groups.2883867940": "provisioning_example lb",
                            "source_dest_check": "true",
                            "subnet_id": "subnet-bf5d6894",
                            "tags.%": "1",
                            "tags.Name": "jenkins.dev.local",
                            "tenancy": "default",
                            "volume_tags.%": "0",
                            "vpc_security_group_ids.#": "1",
                            "vpc_security_group_ids.2529334413": "sg-0fbe99cc44525131e"
                        },
                        "meta": {
                            "e2bfb730-ecaa-11e6-8f88-34363bc7c4c0": {
                                "create": 600000000000,
                                "delete": 1200000000000,
                                "update": 600000000000
                            },
                            "schema_version": "1"
                        },
                        "tainted": false
                    },
                    "deposed": [],
                    "provider": "provider.aws"
                },
                "aws_instance.nexus": {
                    "type": "aws_instance",
                    "depends_on": [
                        "aws_key_pair.root",
                        "aws_security_group.provisioning_example-lb"
                    ],
                    "primary": {
                        "id": "i-063579f6a9fcb7cbd",
                        "attributes": {
                            "ami": "ami-049a93dbe7a02aa84",
                            "arn": "arn:aws:ec2:us-east-1:389059433654:instance/i-063579f6a9fcb7cbd",
                            "associate_public_ip_address": "true",
                            "availability_zone": "us-east-1a",
                            "cpu_core_count": "2",
                            "cpu_threads_per_core": "1",
                            "credit_specification.#": "1",
                            "credit_specification.0.cpu_credits": "standard",
                            "disable_api_termination": "false",
                            "ebs_block_device.#": "0",
                            "ebs_optimized": "false",
                            "ephemeral_block_device.#": "0",
                            "get_password_data": "false",
                            "iam_instance_profile": "",
                            "id": "i-063579f6a9fcb7cbd",
                            "instance_state": "running",
                            "instance_type": "t2.medium",
                            "ipv6_addresses.#": "0",
                            "key_name": "root-key",
                            "monitoring": "false",
                            "network_interface.#": "0",
                            "network_interface_id": "eni-0bcb91300aa28392d",
                            "password_data": "",
                            "placement_group": "",
                            "primary_network_interface_id": "eni-0bcb91300aa28392d",
                            "private_dns": "ip-172-31-2-213.ec2.internal",
                            "private_ip": "172.31.2.213",
                            "public_dns": "ec2-54-172-160-172.compute-1.amazonaws.com",
                            "public_ip": "54.172.160.172",
                            "root_block_device.#": "1",
                            "root_block_device.0.delete_on_termination": "true",
                            "root_block_device.0.iops": "100",
                            "root_block_device.0.volume_id": "vol-07cfeae1b2d74811f",
                            "root_block_device.0.volume_size": "8",
                            "root_block_device.0.volume_type": "gp2",
                            "security_groups.#": "1",
                            "security_groups.2883867940": "provisioning_example lb",
                            "source_dest_check": "true",
                            "subnet_id": "subnet-8b6685fd",
                            "tags.%": "1",
                            "tags.Name": "nexus.dev.local",
                            "tenancy": "default",
                            "volume_tags.%": "0",
                            "vpc_security_group_ids.#": "1",
                            "vpc_security_group_ids.2529334413": "sg-0fbe99cc44525131e"
                        },
                        "meta": {
                            "e2bfb730-ecaa-11e6-8f88-34363bc7c4c0": {
                                "create": 600000000000,
                                "delete": 1200000000000,
                                "update": 600000000000
                            },
                            "schema_version": "1"
                        },
                        "tainted": false
                    },
                    "deposed": [],
                    "provider": "provider.aws"
                },
                "aws_key_pair.root": {
                    "type": "aws_key_pair",
                    "depends_on": [],
                    "primary": {
                        "id": "root-key",
                        "attributes": {
                            "id": "root-key",
                            "key_name": "root-key",
                            "public_key": "ssh-rsa AAAAB3NzaC1yc2EAAAADAQABAAACAQCjvGyFiNT3Gj913rUU0Kc1SW1a2XgD7LyICQtIdABo1czrHpbG6/gLnt8432XxqQNUDSYIuFD8PsQkJerKEcqq78kjVA3un9fCo468ay9o9zIl953eGZbVZ10PlaoaUAa4YBPMDvPddpnwznSZgmCo/lWuywRG5qOZdgSNnGZmHQAt2XDKiV65fmE12Del7necQRaAs+i46ES7TFkiNkS0+PdhcN6g71//6Qjrk2CbQ1DdgBALwM8kK+o8yeZdpgDkEGCW6c94lekbM5qpSXQLW50v+VYbRC6eRmVfDPexNXyRwM9V20pDkUJcksGO5QkS0zZQEJJZOVmuRRurjnlQpTNkdXnnsqKrWnO3xK0qg1C/ywYOVO/6/GGkemgMudFmY1/FXKUm23jJRDvAVRhJ/OsJn7Gz6KwX8EXR3iW8u3f5hv/nKS6Y1Fn+egT5vbTjSQXgscDmm2/OwVJd/jLcba0gVqw/gmJJ2B0dNcDKpAmxC1fvEPiYJxp5NyxhaSb0CRY+y8JDWfsXNob/ca3IrQXGvkV5xWHtluJafLCLda5m9nZ1n70EMjuxCfPbyWszXse1GaoBj6sG3qwVvvGvfr0yMxJ8d24z+DHo5ijzVAFggLzZ6xel5TDIuzzCeUGm3HVVWCJWy9UUZK4V/mEmAkwd8nf0LzxhoXzdL3Kliw== kerwin@ocarina.local"
                        },
                        "meta": {
                            "schema_version": "1"
                        },
                        "tainted": false
                    },
                    "deposed": [],
                    "provider": "provider.aws"
                },
                "aws_security_group.provisioning_example-lb": {
                    "type": "aws_security_group",
                    "depends_on": [],
                    "primary": {
                        "id": "sg-0fbe99cc44525131e",
                        "attributes": {
                            "arn": "arn:aws:ec2:us-east-1:389059433654:security-group/sg-0fbe99cc44525131e",
                            "description": "Security group for the load balancer",
                            "egress.#": "1",
                            "egress.482069346.cidr_blocks.#": "1",
                            "egress.482069346.cidr_blocks.0": "0.0.0.0/0",
                            "egress.482069346.description": "",
                            "egress.482069346.from_port": "0",
                            "egress.482069346.ipv6_cidr_blocks.#": "0",
                            "egress.482069346.prefix_list_ids.#": "0",
                            "egress.482069346.protocol": "-1",
                            "egress.482069346.security_groups.#": "0",
                            "egress.482069346.self": "false",
                            "egress.482069346.to_port": "0",
                            "id": "sg-0fbe99cc44525131e",
                            "ingress.#": "3",
                            "ingress.1095010748.cidr_blocks.#": "1",
                            "ingress.1095010748.cidr_blocks.0": "98.226.72.162/32",
                            "ingress.1095010748.description": "",
                            "ingress.1095010748.from_port": "8081",
                            "ingress.1095010748.ipv6_cidr_blocks.#": "0",
                            "ingress.1095010748.protocol": "tcp",
                            "ingress.1095010748.security_groups.#": "0",
                            "ingress.1095010748.self": "false",
                            "ingress.1095010748.to_port": "8081",
                            "ingress.113312174.cidr_blocks.#": "1",
                            "ingress.113312174.cidr_blocks.0": "98.226.72.162/32",
                            "ingress.113312174.description": "",
                            "ingress.113312174.from_port": "8080",
                            "ingress.113312174.ipv6_cidr_blocks.#": "0",
                            "ingress.113312174.protocol": "tcp",
                            "ingress.113312174.security_groups.#": "0",
                            "ingress.113312174.self": "false",
                            "ingress.113312174.to_port": "8080",
                            "ingress.1779321025.cidr_blocks.#": "1",
                            "ingress.1779321025.cidr_blocks.0": "98.226.72.162/32",
                            "ingress.1779321025.description": "",
                            "ingress.1779321025.from_port": "22",
                            "ingress.1779321025.ipv6_cidr_blocks.#": "0",
                            "ingress.1779321025.protocol": "tcp",
                            "ingress.1779321025.security_groups.#": "0",
                            "ingress.1779321025.self": "false",
                            "ingress.1779321025.to_port": "22",
                            "name": "provisioning_example lb",
                            "owner_id": "389059433654",
                            "revoke_rules_on_delete": "false",
                            "tags.%": "0",
                            "vpc_id": "vpc-dbc06dbf"
                        },
                        "meta": {
                            "e2bfb730-ecaa-11e6-8f88-34363bc7c4c0": {
                                "create": 600000000000,
                                "delete": 600000000000
                            },
                            "schema_version": "1"
                        },
                        "tainted": false
                    },
                    "deposed": [],
                    "provider": "provider.aws"
                }
            },
            "depends_on": []
        }
    ]
}
